Microsoft Visual Studio Solution File, Format Version 12.00
# Visual Studio Version 17
VisualStudioVersion = 17.5.2.0
MinimumVisualStudioVersion = 10.0.40219.1
Project("{FAE04EC0-301F-11D3-BF4B-00C04F79EFBC}") = "CHRDRI-GUI-Flood-It-2025", "CHRDRI-GUI-Flood-It-2025.csproj", "{ED5F3802-BF53-9A0B-D249-9D1ED27BEEDC}"
EndProject
Global
	GlobalSection(SolutionConfigurationPlatforms) = preSolution
		Debug|Any CPU = Debug|Any CPU
		Release|Any CPU = Release|Any CPU
	EndGlobalSection
	GlobalSection(ProjectConfigurationPlatforms) = postSolution
		{ED5F3802-BF53-9A0B-D249-9D1ED27BEEDC}.Debug|Any CPU.ActiveCfg = Debug|Any CPU
		{ED5F3802-BF53-9A0B-D249-9D1ED27BEEDC}.Debug|Any CPU.Build.0 = Debug|Any CPU
		{ED5F3802-BF53-9A0B-D249-9D1ED27BEEDC}.Release|Any CPU.ActiveCfg = Release|Any CPU
		{ED5F3802-BF53-9A0B-D249-9D1ED27BEEDC}.Release|Any CPU.Build.0 = Release|Any CPU
	EndGlobalSection
	GlobalSection(SolutionProperties) = preSolution
		HideSolutionNode = FALSE
	EndGlobalSection
	GlobalSection(ExtensibilityGlobals) = postSolution
		SolutionGuid = {C0276A6F-0448-4A13-9236-1112E8EF1B1C}
	EndGlobalSection
EndGlobal
